
Microsoft Visual Studio Solution File, Format Version 12.00
# Visual Studio Version 16
VisualStudioVersion = 16.0.30907.101
MinimumVisualStudioVersion = 10.0.40219.1
Project("{FAE04EC0-301F-11D3-BF4B-00C04F79EFBC}") = "GameSellerDemo", "GameSellerDemo\GameSellerDemo.csproj", "{F8249869-431B-4E8B-9104-5EE42E4DC311}"
EndProject
Global
	GlobalSection(SolutionConfigurationPlatforms) = preSolution
		Debug|Any CPU = Debug|Any CPU
		Release|Any CPU = Release|Any CPU
	EndGlobalSection
	GlobalSection(ProjectConfigurationPlatforms) = postSolution
		{F8249869-431B-4E8B-9104-5EE42E4DC311}.Debug|Any CPU.ActiveCfg = Debug|Any CPU
		{F8249869-431B-4E8B-9104-5EE42E4DC311}.Debug|Any CPU.Build.0 = Debug|Any CPU
		{F8249869-431B-4E8B-9104-5EE42E4DC311}.Release|Any CPU.ActiveCfg = Release|Any CPU
		{F8249869-431B-4E8B-9104-5EE42E4DC311}.Release|Any CPU.Build.0 = Release|Any CPU
	EndGlobalSection
	GlobalSection(SolutionProperties) = preSolution
		HideSolutionNode = FALSE
	EndGlobalSection
	GlobalSection(ExtensibilityGlobals) = postSolution
		SolutionGuid = {2C4C9136-E6AE-4793-9E06-D0C879247E2D}
	EndGlobalSection
EndGlobal
